{
  "nodes": {
    "all-cabal-hashes": {
      "flake": false,
      "locked": {
        "narHash": "sha256-gEL/53v6/8oU2beexEAKFkZFDoTSbMKia7JZBmE+okM=",
        "type": "file",
        "url": "https://api.github.com/repos/commercialhaskell/all-cabal-hashes/tarball/c314b1bfabd37d30d2f315a5a322323ebbd98acb"
      },
      "original": {
        "type": "file",
        "url": "https://api.github.com/repos/commercialhaskell/all-cabal-hashes/tarball/c314b1bfabd37d30d2f315a5a322323ebbd98acb"
      }
    },
    "flake-utils": {
      "inputs": {
        "systems": "systems"
      },
      "locked": {
        "lastModified": 1705309234,
        "narHash": "sha256-uNRRNRKmJyCRC/8y1RqBkqWBLM034y4qN7EprSdmgyA=",
        "owner": "numtide",
        "repo": "flake-utils",
        "rev": "1ef2e671c3b0c19053962c07dbda38332dcebf26",
        "type": "github"
      },
      "original": {
        "owner": "numtide",
        "repo": "flake-utils",
        "type": "github"
      }
    },
    "nixpkgs": {
      "locked": {
        "lastModified": 1685566663,
        "narHash": "sha256-btHN1czJ6rzteeCuE/PNrdssqYD2nIA4w48miQAFloM=",
        "owner": "NixOS",
        "repo": "nixpkgs",
        "rev": "4ecab3273592f27479a583fb6d975d4aba3486fe",
        "type": "github"
      },
      "original": {
        "owner": "NixOS",
        "ref": "23.05",
        "repo": "nixpkgs",
        "type": "github"
      }
    },
    "nixpkgs-src": {
      "locked": {
        "lastModified": 1706494836,
        "narHash": "sha256-uP9Sl2MRDIg3ew1pOUujpcQdyZvbSseLwLjGaptcu0g=",
        "owner": "NixOS",
        "repo": "nixpkgs",
        "rev": "da33deae34a869896c1dfd052608f9001cfb73a5",
        "type": "github"
      },
      "original": {
        "owner": "NixOS",
        "ref": "release-23.11",
        "repo": "nixpkgs",
        "type": "github"
      }
    },
    "opentelemetry-plugin-src": {
      "inputs": {
        "all-cabal-hashes": "all-cabal-hashes",
        "nixpkgs": "nixpkgs",
        "utils": "utils"
      },
      "locked": {
        "lastModified": 1702939471,
        "narHash": "sha256-pBWyFh6gjtJvrLUoCNMpy0EARUPynUZNrGGLPDvKjQE=",
        "owner": "MercuryTechnologies",
        "repo": "opentelemetry-plugin",
        "rev": "f820961fbf148c4191b9f73fd6c5662ee9392d63",
        "type": "github"
      },
      "original": {
        "owner": "MercuryTechnologies",
        "repo": "opentelemetry-plugin",
        "type": "github"
      }
    },
    "root": {
      "inputs": {
        "flake-utils": "flake-utils",
        "nixpkgs-src": "nixpkgs-src",
        "opentelemetry-plugin-src": "opentelemetry-plugin-src"
      }
    },
    "systems": {
      "locked": {
        "lastModified": 1681028828,
        "narHash": "sha256-Vy1rq5AaRuLzOxct8nz4T6wlgyUR7zLU309k9mBC768=",
        "owner": "nix-systems",
        "repo": "default",
        "rev": "da67096a3b9bf56a91d16901293e51ba5b49a27e",
        "type": "github"
      },
      "original": {
        "owner": "nix-systems",
        "repo": "default",
        "type": "github"
      }
    },
    "systems_2": {
      "locked": {
        "lastModified": 1681028828,
        "narHash": "sha256-Vy1rq5AaRuLzOxct8nz4T6wlgyUR7zLU309k9mBC768=",
        "owner": "nix-systems",
        "repo": "default",
        "rev": "da67096a3b9bf56a91d16901293e51ba5b49a27e",
        "type": "github"
      },
      "original": {
        "owner": "nix-systems",
        "repo": "default",
        "type": "github"
      }
    },
    "utils": {
      "inputs": {
        "systems": "systems_2"
      },
      "locked": {
        "lastModified": 1694529238,
        "narHash": "sha256-zsNZZGTGnMOf9YpHKJqMSsa0dXbfmxeoJ7xHlrt+xmY=",
        "owner": "numtide",
        "repo": "flake-utils",
        "rev": "ff7b65b44d01cf9ba6a71320833626af21126384",
        "type": "github"
      },
      "original": {
        "owner": "numtide",
        "repo": "flake-utils",
        "type": "github"
      }
    }
  },
  "root": "root",
  "version": 7
}
